// !$*UTF8*$!
{
	archiveVersion = 1;
	classes = {
	};
	objectVersion = 56;
	objects = {

/* Begin PBXBuildFile section */
		5D998B472CE2825300680A0F /* main.cpp in Sources */ = {isa = PBXBuildFile; fileRef = 5D998B452CE2825300680A0F /* main.cpp */; };
		5D998B542CE283B500680A0F /* input_1.txt in Copy Files */ = {isa = PBXBuildFile; fileRef = 5D998B502CE283AE00680A0F /* input_1.txt */; };
		5D998B552CE283B500680A0F /* input_2.txt in Copy Files */ = {isa = PBXBuildFile; fileRef = 5D998B512CE283AE00680A0F /* input_2.txt */; };
		5D998B562CE283B500680A0F /* input_puzzle.txt in Copy Files */ = {isa = PBXBuildFile; fileRef = 5D998B522CE283AE00680A0F /* input_puzzle.txt */; };
/* End PBXBuildFile section */

/* Begin PBXCopyFilesBuildPhase section */
		5D02FA2B2B19EEE70086CA32 /* Copy Files */ = {
			isa = PBXCopyFilesBuildPhase;
			buildActionMask = 12;
			dstPath = "";
			dstSubfolderSpec = 16;
			files = (
				5D998B542CE283B500680A0F /* input_1.txt in Copy Files */,
				5D998B552CE283B500680A0F /* input_2.txt in Copy Files */,
				5D998B562CE283B500680A0F /* input_puzzle.txt in Copy Files */,
			);
			name = "Copy Files";
			runOnlyForDeploymentPostprocessing = 0;
		};
/* End PBXCopyFilesBuildPhase section */

/* Begin PBXFileReference section */
		5D02FA2D2B19EEE70086CA32 /* Solver */ = {isa = PBXFileReference; explicitFileType = "compiled.mach-o.executable"; includeInIndex = 0; path = Solver; sourceTree = BUILT_PRODUCTS_DIR; };
		5D998B382CE2825300680A0F /* bigint.h */ = {isa = PBXFileReference; lastKnownFileType = sourcecode.c.h; path = bigint.h; sourceTree = "<group>"; };
		5D998B392CE2825300680A0F /* fft.h */ = {isa = PBXFileReference; lastKnownFileType = sourcecode.c.h; path = fft.h; sourceTree = "<group>"; };
		5D998B3A2CE2825300680A0F /* max_flow_dinic.h */ = {isa = PBXFileReference; lastKnownFileType = sourcecode.c.h; path = max_flow_dinic.h; sourceTree = "<group>"; };
		5D998B3B2CE2825300680A0F /* Rational.h */ = {isa = PBXFileReference; lastKnownFileType = sourcecode.c.h; path = Rational.h; sourceTree = "<group>"; };
		5D998B3D2CE2825300680A0F /* InputParserHelper.h */ = {isa = PBXFileReference; lastKnownFileType = sourcecode.c.h; path = InputParserHelper.h; sourceTree = "<group>"; };
		5D998B3E2CE2825300680A0F /* LogHelper.h */ = {isa = PBXFileReference; lastKnownFileType = sourcecode.c.h; path = LogHelper.h; sourceTree = "<group>"; };
		5D998B432CE2825300680A0F /* Ext_Templates.h */ = {isa = PBXFileReference; lastKnownFileType = sourcecode.c.h; path = Ext_Templates.h; sourceTree = "<group>"; };
		5D998B442CE2825300680A0F /* Helpers.h */ = {isa = PBXFileReference; lastKnownFileType = sourcecode.c.h; path = Helpers.h; sourceTree = "<group>"; };
		5D998B452CE2825300680A0F /* main.cpp */ = {isa = PBXFileReference; lastKnownFileType = sourcecode.cpp.cpp; path = main.cpp; sourceTree = "<group>"; };
		5D998B502CE283AE00680A0F /* input_1.txt */ = {isa = PBXFileReference; lastKnownFileType = text; path = input_1.txt; sourceTree = "<group>"; };
		5D998B512CE283AE00680A0F /* input_2.txt */ = {isa = PBXFileReference; lastKnownFileType = text; path = input_2.txt; sourceTree = "<group>"; };
		5D998B522CE283AE00680A0F /* input_puzzle.txt */ = {isa = PBXFileReference; lastKnownFileType = text; path = input_puzzle.txt; sourceTree = "<group>"; };
/* End PBXFileReference section */

/* Begin PBXFrameworksBuildPhase section */
		5D02FA2A2B19EEE70086CA32 /* Frameworks */ = {
			isa = PBXFrameworksBuildPhase;
			buildActionMask = 2147483647;
			files = (
			);
			runOnlyForDeploymentPostprocessing = 0;
		};
/* End PBXFrameworksBuildPhase section */

/* Begin PBXGroup section */
		5D02FA242B19EEE70086CA32 = {
			isa = PBXGroup;
			children = (
				5D02FA2F2B19EEE70086CA32 /* Solver */,
				5D02FA2E2B19EEE70086CA32 /* Products */,
			);
			sourceTree = "<group>";
		};
		5D02FA2E2B19EEE70086CA32 /* Products */ = {
			isa = PBXGroup;
			children = (
				5D02FA2D2B19EEE70086CA32 /* Solver */,
			);
			name = Products;
			sourceTree = "<group>";
		};
		5D02FA2F2B19EEE70086CA32 /* Solver */ = {
			isa = PBXGroup;
			children = (
				5D998B532CE283AE00680A0F /* input */,
				5D998B462CE2825300680A0F /* c++ */,
			);
			path = Solver;
			sourceTree = "<group>";
		};
		5D998B3C2CE2825300680A0F /* Algo */ = {
			isa = PBXGroup;
			children = (
				5D998B382CE2825300680A0F /* bigint.h */,
				5D998B392CE2825300680A0F /* fft.h */,
				5D998B3A2CE2825300680A0F /* max_flow_dinic.h */,
				5D998B3B2CE2825300680A0F /* Rational.h */,
			);
			path = Algo;
			sourceTree = "<group>";
		};
		5D998B3F2CE2825300680A0F /* Helper */ = {
			isa = PBXGroup;
			children = (
				5D998B3D2CE2825300680A0F /* InputParserHelper.h */,
				5D998B3E2CE2825300680A0F /* LogHelper.h */,
			);
			path = Helper;
			sourceTree = "<group>";
		};
		5D998B462CE2825300680A0F /* c++ */ = {
			isa = PBXGroup;
			children = (
				5D998B3C2CE2825300680A0F /* Algo */,
				5D998B3F2CE2825300680A0F /* Helper */,
				5D998B432CE2825300680A0F /* Ext_Templates.h */,
				5D998B442CE2825300680A0F /* Helpers.h */,
				5D998B452CE2825300680A0F /* main.cpp */,
			);
			name = "c++";
			path = "src/c++";
			sourceTree = "<group>";
		};
		5D998B532CE283AE00680A0F /* input */ = {
			isa = PBXGroup;
			children = (
				5D998B502CE283AE00680A0F /* input_1.txt */,
				5D998B512CE283AE00680A0F /* input_2.txt */,
				5D998B522CE283AE00680A0F /* input_puzzle.txt */,
			);
			name = input;
			path = src/input;
			sourceTree = "<group>";
		};
/* End PBXGroup section */

/* Begin PBXNativeTarget section */
		5D02FA2C2B19EEE70086CA32 /* Solver */ = {
			isa = PBXNativeTarget;
			buildConfigurationList = 5D02FA342B19EEE70086CA32 /* Build configuration list for PBXNativeTarget "Solver" */;
			buildPhases = (
				5D02FA292B19EEE70086CA32 /* Sources */,
				5D02FA2A2B19EEE70086CA32 /* Frameworks */,
				5D02FA2B2B19EEE70086CA32 /* Copy Files */,
			);
			buildRules = (
			);
			dependencies = (
			);
			name = Solver;
			productName = Solver;
			productReference = 5D02FA2D2B19EEE70086CA32 /* Solver */;
			productType = "com.apple.product-type.tool";
		};
/* End PBXNativeTarget section */

/* Begin PBXProject section */
		5D02FA252B19EEE70086CA32 /* Project object */ = {
			isa = PBXProject;
			attributes = {
				BuildIndependentTargetsInParallel = 1;
				LastUpgradeCheck = 1500;
				TargetAttributes = {
					5D02FA2C2B19EEE70086CA32 = {
						CreatedOnToolsVersion = 15.0.1;
					};
				};
			};
			buildConfigurationList = 5D02FA282B19EEE70086CA32 /* Build configuration list for PBXProject "Solver" */;
			compatibilityVersion = "Xcode 14.0";
			developmentRegion = en;
			hasScannedForEncodings = 0;
			knownRegions = (
				en,
				Base,
			);
			mainGroup = 5D02FA242B19EEE70086CA32;
			productRefGroup = 5D02FA2E2B19EEE70086CA32 /* Products */;
			projectDirPath = "";
			projectRoot = "";
			targets = (
				5D02FA2C2B19EEE70086CA32 /* Solver */,
			);
		};
/* End PBXProject section */

/* Begin PBXSourcesBuildPhase section */
		5D02FA292B19EEE70086CA32 /* Sources */ = {
			isa = PBXSourcesBuildPhase;
			buildActionMask = 2147483647;
			files = (
				5D998B472CE2825300680A0F /* main.cpp in Sources */,
			);
			runOnlyForDeploymentPostprocessing = 0;
		};
/* End PBXSourcesBuildPhase section */

/* Begin XCBuildConfiguration section */
		5D02FA322B19EEE70086CA32 /* Debug */ = {
			isa = XCBuildConfiguration;
			buildSettings = {
				ALWAYS_SEARCH_USER_PATHS = NO;
				ASSETCATALOG_COMPILER_GENERATE_SWIFT_ASSET_SYMBOL_EXTENSIONS = YES;
				CLANG_ANALYZER_NONNULL = YES;
				CLANG_ANALYZER_NUMBER_OBJECT_CONVERSION = YES_AGGRESSIVE;
				CLANG_CXX_LANGUAGE_STANDARD = "gnu++20";
				CLANG_ENABLE_MODULES = YES;
				CLANG_ENABLE_OBJC_ARC = YES;
				CLANG_ENABLE_OBJC_WEAK = YES;
				CLANG_WARN_BLOCK_CAPTURE_AUTORELEASING = YES;
				CLANG_WARN_BOOL_CONVERSION = YES;
				CLANG_WARN_COMMA = YES;
				CLANG_WARN_CONSTANT_CONVERSION = YES;
				CLANG_WARN_DEPRECATED_OBJC_IMPLEMENTATIONS = YES;
				CLANG_WARN_DIRECT_OBJC_ISA_USAGE = YES_ERROR;
				CLANG_WARN_DOCUMENTATION_COMMENTS = YES;
				CLANG_WARN_EMPTY_BODY = YES;
				CLANG_WARN_ENUM_CONVERSION = YES;
				CLANG_WARN_INFINITE_RECURSION = YES;
				CLANG_WARN_INT_CONVERSION = YES;
				CLANG_WARN_NON_LITERAL_NULL_CONVERSION = YES;
				CLANG_WARN_OBJC_IMPLICIT_RETAIN_SELF = YES;
				CLANG_WARN_OBJC_LITERAL_CONVERSION = YES;
				CLANG_WARN_OBJC_ROOT_CLASS = YES_ERROR;
				CLANG_WARN_QUOTED_INCLUDE_IN_FRAMEWORK_HEADER = YES;
				CLANG_WARN_RANGE_LOOP_ANALYSIS = YES;
				CLANG_WARN_STRICT_PROTOTYPES = YES;
				CLANG_WARN_SUSPICIOUS_MOVE = YES;
				CLANG_WARN_UNGUARDED_AVAILABILITY = YES_AGGRESSIVE;
				CLANG_WARN_UNREACHABLE_CODE = YES;
				CLANG_WARN__DUPLICATE_METHOD_MATCH = YES;
				COPY_PHASE_STRIP = NO;
				DEBUG_INFORMATION_FORMAT = dwarf;
				ENABLE_STRICT_OBJC_MSGSEND = YES;
				ENABLE_TESTABILITY = YES;
				ENABLE_USER_SCRIPT_SANDBOXING = YES;
				GCC_C_LANGUAGE_STANDARD = gnu17;
				GCC_DYNAMIC_NO_PIC = NO;
				GCC_NO_COMMON_BLOCKS = YES;
				GCC_OPTIMIZATION_LEVEL = 0;
				GCC_PREPROCESSOR_DEFINITIONS = (
					"DEBUG=1",
					"$(inherited)",
				);
				GCC_WARN_64_TO_32_BIT_CONVERSION = YES;
				GCC_WARN_ABOUT_RETURN_TYPE = YES_ERROR;
				GCC_WARN_UNDECLARED_SELECTOR = YES;
				GCC_WARN_UNINITIALIZED_AUTOS = YES_AGGRESSIVE;
				GCC_WARN_UNUSED_FUNCTION = YES;
				GCC_WARN_UNUSED_VARIABLE = YES;
				LOCALIZATION_PREFERS_STRING_CATALOGS = YES;
				MACOSX_DEPLOYMENT_TARGET = 14.0;
				MTL_ENABLE_DEBUG_INFO = INCLUDE_SOURCE;
				MTL_FAST_MATH = YES;
				ONLY_ACTIVE_ARCH = YES;
				SDKROOT = macosx;
			};
			name = Debug;
		};
		5D02FA332B19EEE70086CA32 /* Release */ = {
			isa = XCBuildConfiguration;
			buildSettings = {
				ALWAYS_SEARCH_USER_PATHS = NO;
				ASSETCATALOG_COMPILER_GENERATE_SWIFT_ASSET_SYMBOL_EXTENSIONS = YES;
				CLANG_ANALYZER_NONNULL = YES;
				CLANG_ANALYZER_NUMBER_OBJECT_CONVERSION = YES_AGGRESSIVE;
				CLANG_CXX_LANGUAGE_STANDARD = "gnu++20";
				CLANG_ENABLE_MODULES = YES;
				CLANG_ENABLE_OBJC_ARC = YES;
				CLANG_ENABLE_OBJC_WEAK = YES;
				CLANG_WARN_BLOCK_CAPTURE_AUTORELEASING = YES;
				CLANG_WARN_BOOL_CONVERSION = YES;
				CLANG_WARN_COMMA = YES;
				CLANG_WARN_CONSTANT_CONVERSION = YES;
				CLANG_WARN_DEPRECATED_OBJC_IMPLEMENTATIONS = YES;
				CLANG_WARN_DIRECT_OBJC_ISA_USAGE = YES_ERROR;
				CLANG_WARN_DOCUMENTATION_COMMENTS = YES;
				CLANG_WARN_EMPTY_BODY = YES;
				CLANG_WARN_ENUM_CONVERSION = YES;
				CLANG_WARN_INFINITE_RECURSION = YES;
				CLANG_WARN_INT_CONVERSION = YES;
				CLANG_WARN_NON_LITERAL_NULL_CONVERSION = YES;
				CLANG_WARN_OBJC_IMPLICIT_RETAIN_SELF = YES;
				CLANG_WARN_OBJC_LITERAL_CONVERSION = YES;
				CLANG_WARN_OBJC_ROOT_CLASS = YES_ERROR;
				CLANG_WARN_QUOTED_INCLUDE_IN_FRAMEWORK_HEADER = YES;
				CLANG_WARN_RANGE_LOOP_ANALYSIS = YES;
				CLANG_WARN_STRICT_PROTOTYPES = YES;
				CLANG_WARN_SUSPICIOUS_MOVE = YES;
				CLANG_WARN_UNGUARDED_AVAILABILITY = YES_AGGRESSIVE;
				CLANG_WARN_UNREACHABLE_CODE = YES;
				CLANG_WARN__DUPLICATE_METHOD_MATCH = YES;
				COPY_PHASE_STRIP = NO;
				DEBUG_INFORMATION_FORMAT = "dwarf-with-dsym";
				ENABLE_NS_ASSERTIONS = NO;
				ENABLE_STRICT_OBJC_MSGSEND = YES;
				ENABLE_USER_SCRIPT_SANDBOXING = YES;
				GCC_C_LANGUAGE_STANDARD = gnu17;
				GCC_NO_COMMON_BLOCKS = YES;
				GCC_WARN_64_TO_32_BIT_CONVERSION = YES;
				GCC_WARN_ABOUT_RETURN_TYPE = YES_ERROR;
				GCC_WARN_UNDECLARED_SELECTOR = YES;
				GCC_WARN_UNINITIALIZED_AUTOS = YES_AGGRESSIVE;
				GCC_WARN_UNUSED_FUNCTION = YES;
				GCC_WARN_UNUSED_VARIABLE = YES;
				LOCALIZATION_PREFERS_STRING_CATALOGS = YES;
				MACOSX_DEPLOYMENT_TARGET = 14.0;
				MTL_ENABLE_DEBUG_INFO = NO;
				MTL_FAST_MATH = YES;
				SDKROOT = macosx;
			};
			name = Release;
		};
		5D02FA352B19EEE70086CA32 /* Debug */ = {
			isa = XCBuildConfiguration;
			buildSettings = {
				CLANG_CXX_LANGUAGE_STANDARD = "gnu++23";
				CODE_SIGN_STYLE = Automatic;
				GCC_PREPROCESSOR_DEFINITIONS = (
					"DEBUG=1",
					"$(inherited)",
					LOCAL,
				);
				OTHER_CFLAGS = "\"-Wl,-stack_size -Wl,0x1000000000\"";
				PRODUCT_BUNDLE_IDENTIFIER = "buttom-line";
				PRODUCT_NAME = "$(TARGET_NAME)";
			};
			name = Debug;
		};
		5D02FA362B19EEE70086CA32 /* Release */ = {
			isa = XCBuildConfiguration;
			buildSettings = {
				CLANG_CXX_LANGUAGE_STANDARD = "gnu++23";
				CODE_SIGN_STYLE = Automatic;
				GCC_PREPROCESSOR_DEFINITIONS = LOCAL;
				OTHER_CFLAGS = "\"-Wl,-stack_size -Wl,0x1000000000\"";
				PRODUCT_BUNDLE_IDENTIFIER = "buttom-line";
				PRODUCT_NAME = "$(TARGET_NAME)";
			};
			name = Release;
		};
/* End XCBuildConfiguration section */

/* Begin XCConfigurationList section */
		5D02FA282B19EEE70086CA32 /* Build configuration list for PBXProject "Solver" */ = {
			isa = XCConfigurationList;
			buildConfigurations = (
				5D02FA322B19EEE70086CA32 /* Debug */,
				5D02FA332B19EEE70086CA32 /* Release */,
			);
			defaultConfigurationIsVisible = 0;
			defaultConfigurationName = Release;
		};
		5D02FA342B19EEE70086CA32 /* Build configuration list for PBXNativeTarget "Solver" */ = {
			isa = XCConfigurationList;
			buildConfigurations = (
				5D02FA352B19EEE70086CA32 /* Debug */,
				5D02FA362B19EEE70086CA32 /* Release */,
			);
			defaultConfigurationIsVisible = 0;
			defaultConfigurationName = Release;
		};
/* End XCConfigurationList section */
	};
	rootObject = 5D02FA252B19EEE70086CA32 /* Project object */;
}
